{
  "name": "mmm-qbittorrent",
  "version": "1.0.0",
  "lockfileVersion": 2,
  "requires": true,
  "packages": {
    "": {
      "name": "mmm-qbittorrent",
      "version": "1.0.0",
      "license": "ISC",
      "dependencies": {
        "qbittorrent-api-v2": "^1.2.2"
      }
    },
    "node_modules/qbittorrent-api-v2": {
      "version": "1.2.2",
      "resolved": "https://registry.npmjs.org/qbittorrent-api-v2/-/qbittorrent-api-v2-1.2.2.tgz",
      "integrity": "sha512-v9nkeikj8EjZJ2Ud/QAkTr038PAM4Xk8WXtR8scVb3jidFGs8gMOrZIL05gy4JNo4b0/vxKlwcC2Zu4IpuMslw=="
    }
  },
  "dependencies": {
    "qbittorrent-api-v2": {
      "version": "1.2.2",
      "resolved": "https://registry.npmjs.org/qbittorrent-api-v2/-/qbittorrent-api-v2-1.2.2.tgz",
      "integrity": "sha512-v9nkeikj8EjZJ2Ud/QAkTr038PAM4Xk8WXtR8scVb3jidFGs8gMOrZIL05gy4JNo4b0/vxKlwcC2Zu4IpuMslw=="
    }
  }
}
